
Microsoft Visual Studio Solution File, Format Version 12.00
# Visual Studio 14
VisualStudioVersion = 14.0.25420.1
MinimumVisualStudioVersion = 10.0.40219.1
Project("{FAE04EC0-301F-11D3-BF4B-00C04F79EFBC}") = "WebApp", "WebApp\WebApp.csproj", "{79F59CF9-85D2-467A-8CE2-728AFAE0FA5D}"
EndProject
Project("{FAE04EC0-301F-11D3-BF4B-00C04F79EFBC}") = "WebApp.Tests", "WebApp.Tests\WebApp.Tests.csproj", "{B67C6944-955F-4844-9A06-25B0BA0F43B2}"
EndProject
Project("{2150E333-8FDC-42A3-9474-1A3956D46DE8}") = "Web", "Web", "{ACD5ED91-D3C0-4D37-9100-C55BD982D4D3}"
EndProject
Project("{2150E333-8FDC-42A3-9474-1A3956D46DE8}") = "UnitTest", "UnitTest", "{8E2C4C64-A74F-46EB-9583-509F41A39248}"
EndProject
Project("{2150E333-8FDC-42A3-9474-1A3956D46DE8}") = "Services", "Services", "{D290F82A-D866-417F-923E-D2418476EF55}"
EndProject
Project("{FAE04EC0-301F-11D3-BF4B-00C04F79EFBC}") = "Services", "Services\Services.csproj", "{4F229BA0-565F-4FC8-97D0-FC9F3735126C}"
EndProject
Project("{FAE04EC0-301F-11D3-BF4B-00C04F79EFBC}") = "Domain", "Domain\Domain.csproj", "{722483B0-90CF-4DC5-9907-9F65EF8427C0}"
EndProject
Project("{2150E333-8FDC-42A3-9474-1A3956D46DE8}") = "Common", "Common", "{71D138DA-0E76-442C-A1B6-24E6E5194F93}"
EndProject
Project("{FAE04EC0-301F-11D3-BF4B-00C04F79EFBC}") = "Common", "Common\Common.csproj", "{A209D4A8-EBC6-4499-8F97-901A422B6A53}"
EndProject
Global
	GlobalSection(SolutionConfigurationPlatforms) = preSolution
		Debug|Any CPU = Debug|Any CPU
		Release|Any CPU = Release|Any CPU
	EndGlobalSection
	GlobalSection(ProjectConfigurationPlatforms) = postSolution
		{79F59CF9-85D2-467A-8CE2-728AFAE0FA5D}.Debug|Any CPU.ActiveCfg = Debug|Any CPU
		{79F59CF9-85D2-467A-8CE2-728AFAE0FA5D}.Debug|Any CPU.Build.0 = Debug|Any CPU
		{79F59CF9-85D2-467A-8CE2-728AFAE0FA5D}.Release|Any CPU.ActiveCfg = Release|Any CPU
		{79F59CF9-85D2-467A-8CE2-728AFAE0FA5D}.Release|Any CPU.Build.0 = Release|Any CPU
		{B67C6944-955F-4844-9A06-25B0BA0F43B2}.Debug|Any CPU.ActiveCfg = Debug|Any CPU
		{B67C6944-955F-4844-9A06-25B0BA0F43B2}.Debug|Any CPU.Build.0 = Debug|Any CPU
		{B67C6944-955F-4844-9A06-25B0BA0F43B2}.Release|Any CPU.ActiveCfg = Release|Any CPU
		{B67C6944-955F-4844-9A06-25B0BA0F43B2}.Release|Any CPU.Build.0 = Release|Any CPU
		{4F229BA0-565F-4FC8-97D0-FC9F3735126C}.Debug|Any CPU.ActiveCfg = Debug|Any CPU
		{4F229BA0-565F-4FC8-97D0-FC9F3735126C}.Debug|Any CPU.Build.0 = Debug|Any CPU
		{4F229BA0-565F-4FC8-97D0-FC9F3735126C}.Release|Any CPU.ActiveCfg = Release|Any CPU
		{4F229BA0-565F-4FC8-97D0-FC9F3735126C}.Release|Any CPU.Build.0 = Release|Any CPU
		{722483B0-90CF-4DC5-9907-9F65EF8427C0}.Debug|Any CPU.ActiveCfg = Debug|Any CPU
		{722483B0-90CF-4DC5-9907-9F65EF8427C0}.Debug|Any CPU.Build.0 = Debug|Any CPU
		{722483B0-90CF-4DC5-9907-9F65EF8427C0}.Release|Any CPU.ActiveCfg = Release|Any CPU
		{722483B0-90CF-4DC5-9907-9F65EF8427C0}.Release|Any CPU.Build.0 = Release|Any CPU
		{A209D4A8-EBC6-4499-8F97-901A422B6A53}.Debug|Any CPU.ActiveCfg = Debug|Any CPU
		{A209D4A8-EBC6-4499-8F97-901A422B6A53}.Debug|Any CPU.Build.0 = Debug|Any CPU
		{A209D4A8-EBC6-4499-8F97-901A422B6A53}.Release|Any CPU.ActiveCfg = Release|Any CPU
		{A209D4A8-EBC6-4499-8F97-901A422B6A53}.Release|Any CPU.Build.0 = Release|Any CPU
	EndGlobalSection
	GlobalSection(SolutionProperties) = preSolution
		HideSolutionNode = FALSE
	EndGlobalSection
	GlobalSection(NestedProjects) = preSolution
		{79F59CF9-85D2-467A-8CE2-728AFAE0FA5D} = {ACD5ED91-D3C0-4D37-9100-C55BD982D4D3}
		{B67C6944-955F-4844-9A06-25B0BA0F43B2} = {8E2C4C64-A74F-46EB-9583-509F41A39248}
		{4F229BA0-565F-4FC8-97D0-FC9F3735126C} = {D290F82A-D866-417F-923E-D2418476EF55}
		{722483B0-90CF-4DC5-9907-9F65EF8427C0} = {D290F82A-D866-417F-923E-D2418476EF55}
		{A209D4A8-EBC6-4499-8F97-901A422B6A53} = {71D138DA-0E76-442C-A1B6-24E6E5194F93}
	EndGlobalSection
EndGlobal
